
Microsoft Visual Studio Solution File, Format Version 12.00
# Visual Studio Version 17
VisualStudioVersion = 17.0.31903.59
MinimumVisualStudioVersion = 10.0.40219.1
Project("{2150E333-8FDC-42A3-9474-1A3956D46DE8}") = "src", "src", "{F9DCDD9C-0ABD-415B-B193-711F8952F8C4}"
EndProject
Project("{FAE04EC0-301F-11D3-BF4B-00C04F79EFBC}") = "TodoTaskAPI.API", "src\TodoTaskAPI.API\TodoTaskAPI.API.csproj", "{1EA1DA87-347F-4544-A34B-CEFCE0930008}"
EndProject
Project("{FAE04EC0-301F-11D3-BF4B-00C04F79EFBC}") = "TodoTaskAPI.Core", "src\TodoTaskAPI.Core\TodoTaskAPI.Core.csproj", "{E41ADB04-9463-45A4-A573-BB32849D6664}"
EndProject
Project("{FAE04EC0-301F-11D3-BF4B-00C04F79EFBC}") = "TodoTaskAPI.Infrastructure", "src\TodoTaskAPI.Infrastructure\TodoTaskAPI.Infrastructure.csproj", "{A2ECE2D1-4B35-491A-9F6C-0450C82D49C4}"
EndProject
Project("{FAE04EC0-301F-11D3-BF4B-00C04F79EFBC}") = "TodoTaskAPI.Application", "src\TodoTaskAPI.Application\TodoTaskAPI.Application.csproj", "{489D9BBE-067F-4EA0-BE42-16F5723C4154}"
EndProject
Project("{2150E333-8FDC-42A3-9474-1A3956D46DE8}") = "tests", "tests", "{E96B0648-895D-4137-A5AB-60BF8EA501F8}"
EndProject
Project("{FAE04EC0-301F-11D3-BF4B-00C04F79EFBC}") = "TodoTaskAPI.UnitTests", "tests\TodoTaskAPI.UnitTests\TodoTaskAPI.UnitTests.csproj", "{A7F6FA0D-8DA0-488A-8C7B-8CCBAB540420}"
EndProject
Project("{FAE04EC0-301F-11D3-BF4B-00C04F79EFBC}") = "TodoTaskAPI.IntegrationTests", "tests\TodoTaskAPI.IntegrationTests\TodoTaskAPI.IntegrationTests.csproj", "{5AAB01CF-69E1-4CC8-8580-EDEF0B7F00F0}"
EndProject
Global
	GlobalSection(SolutionConfigurationPlatforms) = preSolution
		Debug|Any CPU = Debug|Any CPU
		Release|Any CPU = Release|Any CPU
	EndGlobalSection
	GlobalSection(SolutionProperties) = preSolution
		HideSolutionNode = FALSE
	EndGlobalSection
	GlobalSection(ProjectConfigurationPlatforms) = postSolution
		{1EA1DA87-347F-4544-A34B-CEFCE0930008}.Debug|Any CPU.ActiveCfg = Debug|Any CPU
		{1EA1DA87-347F-4544-A34B-CEFCE0930008}.Debug|Any CPU.Build.0 = Debug|Any CPU
		{1EA1DA87-347F-4544-A34B-CEFCE0930008}.Release|Any CPU.ActiveCfg = Release|Any CPU
		{1EA1DA87-347F-4544-A34B-CEFCE0930008}.Release|Any CPU.Build.0 = Release|Any CPU
		{E41ADB04-9463-45A4-A573-BB32849D6664}.Debug|Any CPU.ActiveCfg = Debug|Any CPU
		{E41ADB04-9463-45A4-A573-BB32849D6664}.Debug|Any CPU.Build.0 = Debug|Any CPU
		{E41ADB04-9463-45A4-A573-BB32849D6664}.Release|Any CPU.ActiveCfg = Release|Any CPU
		{E41ADB04-9463-45A4-A573-BB32849D6664}.Release|Any CPU.Build.0 = Release|Any CPU
		{A2ECE2D1-4B35-491A-9F6C-0450C82D49C4}.Debug|Any CPU.ActiveCfg = Debug|Any CPU
		{A2ECE2D1-4B35-491A-9F6C-0450C82D49C4}.Debug|Any CPU.Build.0 = Debug|Any CPU
		{A2ECE2D1-4B35-491A-9F6C-0450C82D49C4}.Release|Any CPU.ActiveCfg = Release|Any CPU
		{A2ECE2D1-4B35-491A-9F6C-0450C82D49C4}.Release|Any CPU.Build.0 = Release|Any CPU
		{489D9BBE-067F-4EA0-BE42-16F5723C4154}.Debug|Any CPU.ActiveCfg = Debug|Any CPU
		{489D9BBE-067F-4EA0-BE42-16F5723C4154}.Debug|Any CPU.Build.0 = Debug|Any CPU
		{489D9BBE-067F-4EA0-BE42-16F5723C4154}.Release|Any CPU.ActiveCfg = Release|Any CPU
		{489D9BBE-067F-4EA0-BE42-16F5723C4154}.Release|Any CPU.Build.0 = Release|Any CPU
		{A7F6FA0D-8DA0-488A-8C7B-8CCBAB540420}.Debug|Any CPU.ActiveCfg = Debug|Any CPU
		{A7F6FA0D-8DA0-488A-8C7B-8CCBAB540420}.Debug|Any CPU.Build.0 = Debug|Any CPU
		{A7F6FA0D-8DA0-488A-8C7B-8CCBAB540420}.Release|Any CPU.ActiveCfg = Release|Any CPU
		{A7F6FA0D-8DA0-488A-8C7B-8CCBAB540420}.Release|Any CPU.Build.0 = Release|Any CPU
		{5AAB01CF-69E1-4CC8-8580-EDEF0B7F00F0}.Debug|Any CPU.ActiveCfg = Debug|Any CPU
		{5AAB01CF-69E1-4CC8-8580-EDEF0B7F00F0}.Debug|Any CPU.Build.0 = Debug|Any CPU
		{5AAB01CF-69E1-4CC8-8580-EDEF0B7F00F0}.Release|Any CPU.ActiveCfg = Release|Any CPU
		{5AAB01CF-69E1-4CC8-8580-EDEF0B7F00F0}.Release|Any CPU.Build.0 = Release|Any CPU
	EndGlobalSection
	GlobalSection(NestedProjects) = preSolution
		{1EA1DA87-347F-4544-A34B-CEFCE0930008} = {F9DCDD9C-0ABD-415B-B193-711F8952F8C4}
		{E41ADB04-9463-45A4-A573-BB32849D6664} = {F9DCDD9C-0ABD-415B-B193-711F8952F8C4}
		{A2ECE2D1-4B35-491A-9F6C-0450C82D49C4} = {F9DCDD9C-0ABD-415B-B193-711F8952F8C4}
		{489D9BBE-067F-4EA0-BE42-16F5723C4154} = {F9DCDD9C-0ABD-415B-B193-711F8952F8C4}
		{A7F6FA0D-8DA0-488A-8C7B-8CCBAB540420} = {E96B0648-895D-4137-A5AB-60BF8EA501F8}
		{5AAB01CF-69E1-4CC8-8580-EDEF0B7F00F0} = {E96B0648-895D-4137-A5AB-60BF8EA501F8}
	EndGlobalSection
EndGlobal
